
Microsoft Visual Studio Solution File, Format Version 12.00
Project("{FAE04EC0-301F-11D3-BF4B-00C04F79EFBC}") = "BombDefuser", "BombDefuser\BombDefuser.csproj", "{F8F193CA-5E4C-45E3-9FDB-831055818A9B}"
EndProject
Project("{FAE04EC0-301F-11D3-BF4B-00C04F79EFBC}") = "ConsoleDefuser", "ConsoleDefuser\ConsoleDefuser.csproj", "{BFCC2768-B1E7-4DAE-BC01-B88D3F63D49C}"
EndProject
Project("{FAE04EC0-301F-11D3-BF4B-00C04F79EFBC}") = "WindowDefuser", "WindowDefuser\WindowDefuser.csproj", "{1C7F62D4-6BC7-4469-A90E-3C754E950A7C}"
EndProject
Project("{FAE04EC0-301F-11D3-BF4B-00C04F79EFBC}") = "BombDefuser.Tests", "BombDefuser.Tests\BombDefuser.Tests.csproj", "{3FB1015D-449E-4478-A7E4-F033BD5B1E49}"
EndProject
Global
	GlobalSection(SolutionConfigurationPlatforms) = preSolution
		Debug|Any CPU = Debug|Any CPU
		Release|Any CPU = Release|Any CPU
	EndGlobalSection
	GlobalSection(ProjectConfigurationPlatforms) = postSolution
		{F8F193CA-5E4C-45E3-9FDB-831055818A9B}.Debug|Any CPU.ActiveCfg = Debug|Any CPU
		{F8F193CA-5E4C-45E3-9FDB-831055818A9B}.Debug|Any CPU.Build.0 = Debug|Any CPU
		{F8F193CA-5E4C-45E3-9FDB-831055818A9B}.Release|Any CPU.ActiveCfg = Release|Any CPU
		{F8F193CA-5E4C-45E3-9FDB-831055818A9B}.Release|Any CPU.Build.0 = Release|Any CPU
		{BFCC2768-B1E7-4DAE-BC01-B88D3F63D49C}.Debug|Any CPU.ActiveCfg = Debug|Any CPU
		{BFCC2768-B1E7-4DAE-BC01-B88D3F63D49C}.Debug|Any CPU.Build.0 = Debug|Any CPU
		{BFCC2768-B1E7-4DAE-BC01-B88D3F63D49C}.Release|Any CPU.ActiveCfg = Release|Any CPU
		{BFCC2768-B1E7-4DAE-BC01-B88D3F63D49C}.Release|Any CPU.Build.0 = Release|Any CPU
		{1C7F62D4-6BC7-4469-A90E-3C754E950A7C}.Debug|Any CPU.ActiveCfg = Debug|Any CPU
		{1C7F62D4-6BC7-4469-A90E-3C754E950A7C}.Debug|Any CPU.Build.0 = Debug|Any CPU
		{1C7F62D4-6BC7-4469-A90E-3C754E950A7C}.Release|Any CPU.ActiveCfg = Release|Any CPU
		{1C7F62D4-6BC7-4469-A90E-3C754E950A7C}.Release|Any CPU.Build.0 = Release|Any CPU
		{3FB1015D-449E-4478-A7E4-F033BD5B1E49}.Debug|Any CPU.ActiveCfg = Debug|Any CPU
		{3FB1015D-449E-4478-A7E4-F033BD5B1E49}.Debug|Any CPU.Build.0 = Debug|Any CPU
		{3FB1015D-449E-4478-A7E4-F033BD5B1E49}.Release|Any CPU.ActiveCfg = Release|Any CPU
		{3FB1015D-449E-4478-A7E4-F033BD5B1E49}.Release|Any CPU.Build.0 = Release|Any CPU
	EndGlobalSection
EndGlobal
